// !$*UTF8*$!
{
	archiveVersion = 1;
	classes = {
	};
	objectVersion = 50;
	objects = {

/* Begin PBXBuildFile section */
		CC63D68A2159490000CAE178 /* UIFont_Extensions.swift in Sources */ = {isa = PBXBuildFile; fileRef = CC63D6892159490000CAE178 /* UIFont_Extensions.swift */; };
		CCCDBF142155724E00BA21D0 /* AppDelegate.swift in Sources */ = {isa = PBXBuildFile; fileRef = CCCDBF132155724E00BA21D0 /* AppDelegate.swift */; };
		CCCDBF1B2155724F00BA21D0 /* Assets.xcassets in Resources */ = {isa = PBXBuildFile; fileRef = CCCDBF1A2155724F00BA21D0 /* Assets.xcassets */; };
		CCCDBF1E2155724F00BA21D0 /* LaunchScreen.storyboard in Resources */ = {isa = PBXBuildFile; fileRef = CCCDBF1C2155724F00BA21D0 /* LaunchScreen.storyboard */; };
		CCCDBF292155724F00BA21D0 /* RootViewControllerSwapDemoTests.swift in Sources */ = {isa = PBXBuildFile; fileRef = CCCDBF282155724F00BA21D0 /* RootViewControllerSwapDemoTests.swift */; };
		CCCDBF3A2155737D00BA21D0 /* RootViewController.swift in Sources */ = {isa = PBXBuildFile; fileRef = CCCDBF392155737D00BA21D0 /* RootViewController.swift */; };
		CCCDBF3C215573B700BA21D0 /* MainAppPageOneViewController.swift in Sources */ = {isa = PBXBuildFile; fileRef = CCCDBF3B215573B700BA21D0 /* MainAppPageOneViewController.swift */; };
		CCCDBF3E215573CC00BA21D0 /* MainAppPageTwoViewController.swift in Sources */ = {isa = PBXBuildFile; fileRef = CCCDBF3D215573CC00BA21D0 /* MainAppPageTwoViewController.swift */; };
		CCCDBF40215573DD00BA21D0 /* CustomTabBarController.swift in Sources */ = {isa = PBXBuildFile; fileRef = CCCDBF3F215573DD00BA21D0 /* CustomTabBarController.swift */; };
		CCCDBF422155742A00BA21D0 /* CustomNavigationController.swift in Sources */ = {isa = PBXBuildFile; fileRef = CCCDBF412155742A00BA21D0 /* CustomNavigationController.swift */; };
		CCCDBF442155748B00BA21D0 /* ViewControllerFactory.swift in Sources */ = {isa = PBXBuildFile; fileRef = CCCDBF432155748B00BA21D0 /* ViewControllerFactory.swift */; };
		CCCDBF462155754500BA21D0 /* RootViewControllerState.swift in Sources */ = {isa = PBXBuildFile; fileRef = CCCDBF452155754500BA21D0 /* RootViewControllerState.swift */; };
		CCCDBF482155765B00BA21D0 /* UIViewController_Extensions.swift in Sources */ = {isa = PBXBuildFile; fileRef = CCCDBF472155765B00BA21D0 /* UIViewController_Extensions.swift */; };
		CCCDBF4A2155803800BA21D0 /* LoginViewController.swift in Sources */ = {isa = PBXBuildFile; fileRef = CCCDBF492155803800BA21D0 /* LoginViewController.swift */; };
		CCCDBF4C2155821900BA21D0 /* BasicLabelProtocol.swift in Sources */ = {isa = PBXBuildFile; fileRef = CCCDBF4B2155821900BA21D0 /* BasicLabelProtocol.swift */; };
/* End PBXBuildFile section */

/* Begin PBXContainerItemProxy section */
		CCCDBF252155724F00BA21D0 /* PBXContainerItemProxy */ = {
			isa = PBXContainerItemProxy;
			containerPortal = CCCDBF082155724E00BA21D0 /* Project object */;
			proxyType = 1;
			remoteGlobalIDString = CCCDBF0F2155724E00BA21D0;
			remoteInfo = RootViewControllerSwapDemo;
		};
/* End PBXContainerItemProxy section */

/* Begin PBXFileReference section */
		CC63D6892159490000CAE178 /* UIFont_Extensions.swift */ = {isa = PBXFileReference; lastKnownFileType = sourcecode.swift; path = UIFont_Extensions.swift; sourceTree = "<group>"; };
		CCCDBF102155724E00BA21D0 /* RootViewControllerSwapDemo.app */ = {isa = PBXFileReference; explicitFileType = wrapper.application; includeInIndex = 0; path = RootViewControllerSwapDemo.app; sourceTree = BUILT_PRODUCTS_DIR; };
		CCCDBF132155724E00BA21D0 /* AppDelegate.swift */ = {isa = PBXFileReference; lastKnownFileType = sourcecode.swift; path = AppDelegate.swift; sourceTree = "<group>"; };
		CCCDBF1A2155724F00BA21D0 /* Assets.xcassets */ = {isa = PBXFileReference; lastKnownFileType = folder.assetcatalog; path = Assets.xcassets; sourceTree = "<group>"; };
		CCCDBF1D2155724F00BA21D0 /* Base */ = {isa = PBXFileReference; lastKnownFileType = file.storyboard; name = Base; path = Base.lproj/LaunchScreen.storyboard; sourceTree = "<group>"; };
		CCCDBF1F2155724F00BA21D0 /* Info.plist */ = {isa = PBXFileReference; lastKnownFileType = text.plist.xml; path = Info.plist; sourceTree = "<group>"; };
		CCCDBF242155724F00BA21D0 /* RootViewControllerSwapDemoTests.xctest */ = {isa = PBXFileReference; explicitFileType = wrapper.cfbundle; includeInIndex = 0; path = RootViewControllerSwapDemoTests.xctest; sourceTree = BUILT_PRODUCTS_DIR; };
		CCCDBF282155724F00BA21D0 /* RootViewControllerSwapDemoTests.swift */ = {isa = PBXFileReference; lastKnownFileType = sourcecode.swift; path = RootViewControllerSwapDemoTests.swift; sourceTree = "<group>"; };
		CCCDBF2A2155724F00BA21D0 /* Info.plist */ = {isa = PBXFileReference; lastKnownFileType = text.plist.xml; path = Info.plist; sourceTree = "<group>"; };
		CCCDBF392155737D00BA21D0 /* RootViewController.swift */ = {isa = PBXFileReference; lastKnownFileType = sourcecode.swift; path = RootViewController.swift; sourceTree = "<group>"; };
		CCCDBF3B215573B700BA21D0 /* MainAppPageOneViewController.swift */ = {isa = PBXFileReference; lastKnownFileType = sourcecode.swift; path = MainAppPageOneViewController.swift; sourceTree = "<group>"; };
		CCCDBF3D215573CC00BA21D0 /* MainAppPageTwoViewController.swift */ = {isa = PBXFileReference; lastKnownFileType = sourcecode.swift; path = MainAppPageTwoViewController.swift; sourceTree = "<group>"; };
		CCCDBF3F215573DD00BA21D0 /* CustomTabBarController.swift */ = {isa = PBXFileReference; lastKnownFileType = sourcecode.swift; path = CustomTabBarController.swift; sourceTree = "<group>"; };
		CCCDBF412155742A00BA21D0 /* CustomNavigationController.swift */ = {isa = PBXFileReference; lastKnownFileType = sourcecode.swift; path = CustomNavigationController.swift; sourceTree = "<group>"; };
		CCCDBF432155748B00BA21D0 /* ViewControllerFactory.swift */ = {isa = PBXFileReference; lastKnownFileType = sourcecode.swift; path = ViewControllerFactory.swift; sourceTree = "<group>"; };
		CCCDBF452155754500BA21D0 /* RootViewControllerState.swift */ = {isa = PBXFileReference; lastKnownFileType = sourcecode.swift; path = RootViewControllerState.swift; sourceTree = "<group>"; };
		CCCDBF472155765B00BA21D0 /* UIViewController_Extensions.swift */ = {isa = PBXFileReference; lastKnownFileType = sourcecode.swift; path = UIViewController_Extensions.swift; sourceTree = "<group>"; };
		CCCDBF492155803800BA21D0 /* LoginViewController.swift */ = {isa = PBXFileReference; lastKnownFileType = sourcecode.swift; path = LoginViewController.swift; sourceTree = "<group>"; };
		CCCDBF4B2155821900BA21D0 /* BasicLabelProtocol.swift */ = {isa = PBXFileReference; lastKnownFileType = sourcecode.swift; path = BasicLabelProtocol.swift; sourceTree = "<group>"; };
/* End PBXFileReference section */

/* Begin PBXFrameworksBuildPhase section */
		CCCDBF0D2155724E00BA21D0 /* Frameworks */ = {
			isa = PBXFrameworksBuildPhase;
			buildActionMask = 2147483647;
			files = (
			);
			runOnlyForDeploymentPostprocessing = 0;
		};
		CCCDBF212155724F00BA21D0 /* Frameworks */ = {
			isa = PBXFrameworksBuildPhase;
			buildActionMask = 2147483647;
			files = (
			);
			runOnlyForDeploymentPostprocessing = 0;
		};
/* End PBXFrameworksBuildPhase section */

/* Begin PBXGroup section */
		CCCDBF072155724E00BA21D0 = {
			isa = PBXGroup;
			children = (
				CCCDBF122155724E00BA21D0 /* RootViewControllerSwapDemo */,
				CCCDBF272155724F00BA21D0 /* RootViewControllerSwapDemoTests */,
				CCCDBF112155724E00BA21D0 /* Products */,
			);
			sourceTree = "<group>";
		};
		CCCDBF112155724E00BA21D0 /* Products */ = {
			isa = PBXGroup;
			children = (
				CCCDBF102155724E00BA21D0 /* RootViewControllerSwapDemo.app */,
				CCCDBF242155724F00BA21D0 /* RootViewControllerSwapDemoTests.xctest */,
			);
			name = Products;
			sourceTree = "<group>";
		};
		CCCDBF122155724E00BA21D0 /* RootViewControllerSwapDemo */ = {
			isa = PBXGroup;
			children = (
				CCCDBF132155724E00BA21D0 /* AppDelegate.swift */,
				CCCDBF1F2155724F00BA21D0 /* Info.plist */,
				CCCDBF38215572B700BA21D0 /* Assets */,
				CCCDBF37215572A600BA21D0 /* ViewControllers */,
				CCCDBF362155728E00BA21D0 /* Protocols */,
				CCCDBF352155728500BA21D0 /* Extensions */,
				CCCDBF342155727B00BA21D0 /* Emumerations */,
				CCCDBF332155727500BA21D0 /* Structs */,
			);
			path = RootViewControllerSwapDemo;
			sourceTree = "<group>";
		};
		CCCDBF272155724F00BA21D0 /* RootViewControllerSwapDemoTests */ = {
			isa = PBXGroup;
			children = (
				CCCDBF282155724F00BA21D0 /* RootViewControllerSwapDemoTests.swift */,
				CCCDBF2A2155724F00BA21D0 /* Info.plist */,
			);
			path = RootViewControllerSwapDemoTests;
			sourceTree = "<group>";
		};
		CCCDBF332155727500BA21D0 /* Structs */ = {
			isa = PBXGroup;
			children = (
				CCCDBF432155748B00BA21D0 /* ViewControllerFactory.swift */,
			);
			path = Structs;
			sourceTree = "<group>";
		};
		CCCDBF342155727B00BA21D0 /* Emumerations */ = {
			isa = PBXGroup;
			children = (
				CCCDBF452155754500BA21D0 /* RootViewControllerState.swift */,
			);
			path = Emumerations;
			sourceTree = "<group>";
		};
		CCCDBF352155728500BA21D0 /* Extensions */ = {
			isa = PBXGroup;
			children = (
				CCCDBF472155765B00BA21D0 /* UIViewController_Extensions.swift */,
				CC63D6892159490000CAE178 /* UIFont_Extensions.swift */,
			);
			path = Extensions;
			sourceTree = "<group>";
		};
		CCCDBF362155728E00BA21D0 /* Protocols */ = {
			isa = PBXGroup;
			children = (
				CCCDBF4B2155821900BA21D0 /* BasicLabelProtocol.swift */,
			);
			path = Protocols;
			sourceTree = "<group>";
		};
		CCCDBF37215572A600BA21D0 /* ViewControllers */ = {
			isa = PBXGroup;
			children = (
				CCCDBF392155737D00BA21D0 /* RootViewController.swift */,
				CCCDBF3B215573B700BA21D0 /* MainAppPageOneViewController.swift */,
				CCCDBF3D215573CC00BA21D0 /* MainAppPageTwoViewController.swift */,
				CCCDBF3F215573DD00BA21D0 /* CustomTabBarController.swift */,
				CCCDBF412155742A00BA21D0 /* CustomNavigationController.swift */,
				CCCDBF492155803800BA21D0 /* LoginViewController.swift */,
			);
			path = ViewControllers;
			sourceTree = "<group>";
		};
		CCCDBF38215572B700BA21D0 /* Assets */ = {
			isa = PBXGroup;
			children = (
				CCCDBF1A2155724F00BA21D0 /* Assets.xcassets */,
				CCCDBF1C2155724F00BA21D0 /* LaunchScreen.storyboard */,
			);
			path = Assets;
			sourceTree = "<group>";
		};
/* End PBXGroup section */

/* Begin PBXNativeTarget section */
		CCCDBF0F2155724E00BA21D0 /* RootViewControllerSwapDemo */ = {
			isa = PBXNativeTarget;
			buildConfigurationList = CCCDBF2D2155724F00BA21D0 /* Build configuration list for PBXNativeTarget "RootViewControllerSwapDemo" */;
			buildPhases = (
				CCCDBF0C2155724E00BA21D0 /* Sources */,
				CCCDBF0D2155724E00BA21D0 /* Frameworks */,
				CCCDBF0E2155724E00BA21D0 /* Resources */,
			);
			buildRules = (
			);
			dependencies = (
			);
			name = RootViewControllerSwapDemo;
			productName = RootViewControllerSwapDemo;
			productReference = CCCDBF102155724E00BA21D0 /* RootViewControllerSwapDemo.app */;
			productType = "com.apple.product-type.application";
		};
		CCCDBF232155724F00BA21D0 /* RootViewControllerSwapDemoTests */ = {
			isa = PBXNativeTarget;
			buildConfigurationList = CCCDBF302155724F00BA21D0 /* Build configuration list for PBXNativeTarget "RootViewControllerSwapDemoTests" */;
			buildPhases = (
				CCCDBF202155724F00BA21D0 /* Sources */,
				CCCDBF212155724F00BA21D0 /* Frameworks */,
				CCCDBF222155724F00BA21D0 /* Resources */,
			);
			buildRules = (
			);
			dependencies = (
				CCCDBF262155724F00BA21D0 /* PBXTargetDependency */,
			);
			name = RootViewControllerSwapDemoTests;
			productName = RootViewControllerSwapDemoTests;
			productReference = CCCDBF242155724F00BA21D0 /* RootViewControllerSwapDemoTests.xctest */;
			productType = "com.apple.product-type.bundle.unit-test";
		};
/* End PBXNativeTarget section */

/* Begin PBXProject section */
		CCCDBF082155724E00BA21D0 /* Project object */ = {
			isa = PBXProject;
			attributes = {
				LastSwiftUpdateCheck = 1000;
				LastUpgradeCheck = 1000;
				ORGANIZATIONNAME = "Nomad Company";
				TargetAttributes = {
					CCCDBF0F2155724E00BA21D0 = {
						CreatedOnToolsVersion = 10.0;
					};
					CCCDBF232155724F00BA21D0 = {
						CreatedOnToolsVersion = 10.0;
						TestTargetID = CCCDBF0F2155724E00BA21D0;
					};
				};
			};
			buildConfigurationList = CCCDBF0B2155724E00BA21D0 /* Build configuration list for PBXProject "RootViewControllerSwapDemo" */;
			compatibilityVersion = "Xcode 9.3";
			developmentRegion = en;
			hasScannedForEncodings = 0;
			knownRegions = (
				en,
				Base,
			);
			mainGroup = CCCDBF072155724E00BA21D0;
			productRefGroup = CCCDBF112155724E00BA21D0 /* Products */;
			projectDirPath = "";
			projectRoot = "";
			targets = (
				CCCDBF0F2155724E00BA21D0 /* RootViewControllerSwapDemo */,
				CCCDBF232155724F00BA21D0 /* RootViewControllerSwapDemoTests */,
			);
		};
/* End PBXProject section */

/* Begin PBXResourcesBuildPhase section */
		CCCDBF0E2155724E00BA21D0 /* Resources */ = {
			isa = PBXResourcesBuildPhase;
			buildActionMask = 2147483647;
			files = (
				CCCDBF1E2155724F00BA21D0 /* LaunchScreen.storyboard in Resources */,
				CCCDBF1B2155724F00BA21D0 /* Assets.xcassets in Resources */,
			);
			runOnlyForDeploymentPostprocessing = 0;
		};
		CCCDBF222155724F00BA21D0 /* Resources */ = {
			isa = PBXResourcesBuildPhase;
			buildActionMask = 2147483647;
			files = (
			);
			runOnlyForDeploymentPostprocessing = 0;
		};
/* End PBXResourcesBuildPhase section */

/* Begin PBXSourcesBuildPhase section */
		CCCDBF0C2155724E00BA21D0 /* Sources */ = {
			isa = PBXSourcesBuildPhase;
			buildActionMask = 2147483647;
			files = (
				CCCDBF4C2155821900BA21D0 /* BasicLabelProtocol.swift in Sources */,
				CCCDBF422155742A00BA21D0 /* CustomNavigationController.swift in Sources */,
				CC63D68A2159490000CAE178 /* UIFont_Extensions.swift in Sources */,
				CCCDBF482155765B00BA21D0 /* UIViewController_Extensions.swift in Sources */,
				CCCDBF442155748B00BA21D0 /* ViewControllerFactory.swift in Sources */,
				CCCDBF142155724E00BA21D0 /* AppDelegate.swift in Sources */,
				CCCDBF3E215573CC00BA21D0 /* MainAppPageTwoViewController.swift in Sources */,
				CCCDBF462155754500BA21D0 /* RootViewControllerState.swift in Sources */,
				CCCDBF40215573DD00BA21D0 /* CustomTabBarController.swift in Sources */,
				CCCDBF3A2155737D00BA21D0 /* RootViewController.swift in Sources */,
				CCCDBF4A2155803800BA21D0 /* LoginViewController.swift in Sources */,
				CCCDBF3C215573B700BA21D0 /* MainAppPageOneViewController.swift in Sources */,
			);
			runOnlyForDeploymentPostprocessing = 0;
		};
		CCCDBF202155724F00BA21D0 /* Sources */ = {
			isa = PBXSourcesBuildPhase;
			buildActionMask = 2147483647;
			files = (
				CCCDBF292155724F00BA21D0 /* RootViewControllerSwapDemoTests.swift in Sources */,
			);
			runOnlyForDeploymentPostprocessing = 0;
		};
/* End PBXSourcesBuildPhase section */

/* Begin PBXTargetDependency section */
		CCCDBF262155724F00BA21D0 /* PBXTargetDependency */ = {
			isa = PBXTargetDependency;
			target = CCCDBF0F2155724E00BA21D0 /* RootViewControllerSwapDemo */;
			targetProxy = CCCDBF252155724F00BA21D0 /* PBXContainerItemProxy */;
		};
/* End PBXTargetDependency section */

/* Begin PBXVariantGroup section */
		CCCDBF1C2155724F00BA21D0 /* LaunchScreen.storyboard */ = {
			isa = PBXVariantGroup;
			children = (
				CCCDBF1D2155724F00BA21D0 /* Base */,
			);
			name = LaunchScreen.storyboard;
			sourceTree = "<group>";
		};
/* End PBXVariantGroup section */

/* Begin XCBuildConfiguration section */
		CCCDBF2B2155724F00BA21D0 /* Debug */ = {
			isa = XCBuildConfiguration;
			buildSettings = {
				ALWAYS_SEARCH_USER_PATHS = NO;
				CLANG_ANALYZER_NONNULL = YES;
				CLANG_ANALYZER_NUMBER_OBJECT_CONVERSION = YES_AGGRESSIVE;
				CLANG_CXX_LANGUAGE_STANDARD = "gnu++14";
				CLANG_CXX_LIBRARY = "libc++";
				CLANG_ENABLE_MODULES = YES;
				CLANG_ENABLE_OBJC_ARC = YES;
				CLANG_ENABLE_OBJC_WEAK = YES;
				CLANG_WARN_BLOCK_CAPTURE_AUTORELEASING = YES;
				CLANG_WARN_BOOL_CONVERSION = YES;
				CLANG_WARN_COMMA = YES;
				CLANG_WARN_CONSTANT_CONVERSION = YES;
				CLANG_WARN_DEPRECATED_OBJC_IMPLEMENTATIONS = YES;
				CLANG_WARN_DIRECT_OBJC_ISA_USAGE = YES_ERROR;
				CLANG_WARN_DOCUMENTATION_COMMENTS = YES;
				CLANG_WARN_EMPTY_BODY = YES;
				CLANG_WARN_ENUM_CONVERSION = YES;
				CLANG_WARN_INFINITE_RECURSION = YES;
				CLANG_WARN_INT_CONVERSION = YES;
				CLANG_WARN_NON_LITERAL_NULL_CONVERSION = YES;
				CLANG_WARN_OBJC_IMPLICIT_RETAIN_SELF = YES;
				CLANG_WARN_OBJC_LITERAL_CONVERSION = YES;
				CLANG_WARN_OBJC_ROOT_CLASS = YES_ERROR;
				CLANG_WARN_RANGE_LOOP_ANALYSIS = YES;
				CLANG_WARN_STRICT_PROTOTYPES = YES;
				CLANG_WARN_SUSPICIOUS_MOVE = YES;
				CLANG_WARN_UNGUARDED_AVAILABILITY = YES_AGGRESSIVE;
				CLANG_WARN_UNREACHABLE_CODE = YES;
				CLANG_WARN__DUPLICATE_METHOD_MATCH = YES;
				CODE_SIGN_IDENTITY = "iPhone Developer";
				COPY_PHASE_STRIP = NO;
				DEBUG_INFORMATION_FORMAT = dwarf;
				ENABLE_STRICT_OBJC_MSGSEND = YES;
				ENABLE_TESTABILITY = YES;
				GCC_C_LANGUAGE_STANDARD = gnu11;
				GCC_DYNAMIC_NO_PIC = NO;
				GCC_NO_COMMON_BLOCKS = YES;
				GCC_OPTIMIZATION_LEVEL = 0;
				GCC_PREPROCESSOR_DEFINITIONS = (
					"DEBUG=1",
					"$(inherited)",
				);
				GCC_WARN_64_TO_32_BIT_CONVERSION = YES;
				GCC_WARN_ABOUT_RETURN_TYPE = YES_ERROR;
				GCC_WARN_UNDECLARED_SELECTOR = YES;
				GCC_WARN_UNINITIALIZED_AUTOS = YES_AGGRESSIVE;
				GCC_WARN_UNUSED_FUNCTION = YES;
				GCC_WARN_UNUSED_VARIABLE = YES;
				IPHONEOS_DEPLOYMENT_TARGET = 12.0;
				MTL_ENABLE_DEBUG_INFO = INCLUDE_SOURCE;
				MTL_FAST_MATH = YES;
				ONLY_ACTIVE_ARCH = YES;
				SDKROOT = iphoneos;
				SWIFT_ACTIVE_COMPILATION_CONDITIONS = DEBUG;
				SWIFT_OPTIMIZATION_LEVEL = "-Onone";
			};
			name = Debug;
		};
		CCCDBF2C2155724F00BA21D0 /* Release */ = {
			isa = XCBuildConfiguration;
			buildSettings = {
				ALWAYS_SEARCH_USER_PATHS = NO;
				CLANG_ANALYZER_NONNULL = YES;
				CLANG_ANALYZER_NUMBER_OBJECT_CONVERSION = YES_AGGRESSIVE;
				CLANG_CXX_LANGUAGE_STANDARD = "gnu++14";
				CLANG_CXX_LIBRARY = "libc++";
				CLANG_ENABLE_MODULES = YES;
				CLANG_ENABLE_OBJC_ARC = YES;
				CLANG_ENABLE_OBJC_WEAK = YES;
				CLANG_WARN_BLOCK_CAPTURE_AUTORELEASING = YES;
				CLANG_WARN_BOOL_CONVERSION = YES;
				CLANG_WARN_COMMA = YES;
				CLANG_WARN_CONSTANT_CONVERSION = YES;
				CLANG_WARN_DEPRECATED_OBJC_IMPLEMENTATIONS = YES;
				CLANG_WARN_DIRECT_OBJC_ISA_USAGE = YES_ERROR;
				CLANG_WARN_DOCUMENTATION_COMMENTS = YES;
				CLANG_WARN_EMPTY_BODY = YES;
				CLANG_WARN_ENUM_CONVERSION = YES;
				CLANG_WARN_INFINITE_RECURSION = YES;
				CLANG_WARN_INT_CONVERSION = YES;
				CLANG_WARN_NON_LITERAL_NULL_CONVERSION = YES;
				CLANG_WARN_OBJC_IMPLICIT_RETAIN_SELF = YES;
				CLANG_WARN_OBJC_LITERAL_CONVERSION = YES;
				CLANG_WARN_OBJC_ROOT_CLASS = YES_ERROR;
				CLANG_WARN_RANGE_LOOP_ANALYSIS = YES;
				CLANG_WARN_STRICT_PROTOTYPES = YES;
				CLANG_WARN_SUSPICIOUS_MOVE = YES;
				CLANG_WARN_UNGUARDED_AVAILABILITY = YES_AGGRESSIVE;
				CLANG_WARN_UNREACHABLE_CODE = YES;
				CLANG_WARN__DUPLICATE_METHOD_MATCH = YES;
				CODE_SIGN_IDENTITY = "iPhone Developer";
				COPY_PHASE_STRIP = NO;
				DEBUG_INFORMATION_FORMAT = "dwarf-with-dsym";
				ENABLE_NS_ASSERTIONS = NO;
				ENABLE_STRICT_OBJC_MSGSEND = YES;
				GCC_C_LANGUAGE_STANDARD = gnu11;
				GCC_NO_COMMON_BLOCKS = YES;
				GCC_WARN_64_TO_32_BIT_CONVERSION = YES;
				GCC_WARN_ABOUT_RETURN_TYPE = YES_ERROR;
				GCC_WARN_UNDECLARED_SELECTOR = YES;
				GCC_WARN_UNINITIALIZED_AUTOS = YES_AGGRESSIVE;
				GCC_WARN_UNUSED_FUNCTION = YES;
				GCC_WARN_UNUSED_VARIABLE = YES;
				IPHONEOS_DEPLOYMENT_TARGET = 12.0;
				MTL_ENABLE_DEBUG_INFO = NO;
				MTL_FAST_MATH = YES;
				SDKROOT = iphoneos;
				SWIFT_COMPILATION_MODE = wholemodule;
				SWIFT_OPTIMIZATION_LEVEL = "-O";
				VALIDATE_PRODUCT = YES;
			};
			name = Release;
		};
		CCCDBF2E2155724F00BA21D0 /* Debug */ = {
			isa = XCBuildConfiguration;
			buildSettings = {
				ASSETCATALOG_COMPILER_APPICON_NAME = AppIcon;
				CODE_SIGN_STYLE = Automatic;
				DEVELOPMENT_TEAM = Z64U4P3366;
				INFOPLIST_FILE = RootViewControllerSwapDemo/Info.plist;
				LD_RUNPATH_SEARCH_PATHS = (
					"$(inherited)",
					"@executable_path/Frameworks",
				);
				PRODUCT_BUNDLE_IDENTIFIER = nomadgo.RootViewControllerSwapDemo;
				PRODUCT_NAME = "$(TARGET_NAME)";
				SWIFT_VERSION = 4.2;
				TARGETED_DEVICE_FAMILY = "1,2";
			};
			name = Debug;
		};
		CCCDBF2F2155724F00BA21D0 /* Release */ = {
			isa = XCBuildConfiguration;
			buildSettings = {
				ASSETCATALOG_COMPILER_APPICON_NAME = AppIcon;
				CODE_SIGN_STYLE = Automatic;
				DEVELOPMENT_TEAM = Z64U4P3366;
				INFOPLIST_FILE = RootViewControllerSwapDemo/Info.plist;
				LD_RUNPATH_SEARCH_PATHS = (
					"$(inherited)",
					"@executable_path/Frameworks",
				);
				PRODUCT_BUNDLE_IDENTIFIER = nomadgo.RootViewControllerSwapDemo;
				PRODUCT_NAME = "$(TARGET_NAME)";
				SWIFT_VERSION = 4.2;
				TARGETED_DEVICE_FAMILY = "1,2";
			};
			name = Release;
		};
		CCCDBF312155724F00BA21D0 /* Debug */ = {
			isa = XCBuildConfiguration;
			buildSettings = {
				ALWAYS_EMBED_SWIFT_STANDARD_LIBRARIES = YES;
				BUNDLE_LOADER = "$(TEST_HOST)";
				CODE_SIGN_STYLE = Automatic;
				INFOPLIST_FILE = RootViewControllerSwapDemoTests/Info.plist;
				LD_RUNPATH_SEARCH_PATHS = (
					"$(inherited)",
					"@executable_path/Frameworks",
					"@loader_path/Frameworks",
				);
				PRODUCT_BUNDLE_IDENTIFIER = nomadgo.RootViewControllerSwapDemoTests;
				PRODUCT_NAME = "$(TARGET_NAME)";
				SWIFT_VERSION = 4.2;
				TARGETED_DEVICE_FAMILY = "1,2";
				TEST_HOST = "$(BUILT_PRODUCTS_DIR)/RootViewControllerSwapDemo.app/RootViewControllerSwapDemo";
			};
			name = Debug;
		};
		CCCDBF322155724F00BA21D0 /* Release */ = {
			isa = XCBuildConfiguration;
			buildSettings = {
				ALWAYS_EMBED_SWIFT_STANDARD_LIBRARIES = YES;
				BUNDLE_LOADER = "$(TEST_HOST)";
				CODE_SIGN_STYLE = Automatic;
				INFOPLIST_FILE = RootViewControllerSwapDemoTests/Info.plist;
				LD_RUNPATH_SEARCH_PATHS = (
					"$(inherited)",
					"@executable_path/Frameworks",
					"@loader_path/Frameworks",
				);
				PRODUCT_BUNDLE_IDENTIFIER = nomadgo.RootViewControllerSwapDemoTests;
				PRODUCT_NAME = "$(TARGET_NAME)";
				SWIFT_VERSION = 4.2;
				TARGETED_DEVICE_FAMILY = "1,2";
				TEST_HOST = "$(BUILT_PRODUCTS_DIR)/RootViewControllerSwapDemo.app/RootViewControllerSwapDemo";
			};
			name = Release;
		};
/* End XCBuildConfiguration section */

/* Begin XCConfigurationList section */
		CCCDBF0B2155724E00BA21D0 /* Build configuration list for PBXProject "RootViewControllerSwapDemo" */ = {
			isa = XCConfigurationList;
			buildConfigurations = (
				CCCDBF2B2155724F00BA21D0 /* Debug */,
				CCCDBF2C2155724F00BA21D0 /* Release */,
			);
			defaultConfigurationIsVisible = 0;
			defaultConfigurationName = Release;
		};
		CCCDBF2D2155724F00BA21D0 /* Build configuration list for PBXNativeTarget "RootViewControllerSwapDemo" */ = {
			isa = XCConfigurationList;
			buildConfigurations = (
				CCCDBF2E2155724F00BA21D0 /* Debug */,
				CCCDBF2F2155724F00BA21D0 /* Release */,
			);
			defaultConfigurationIsVisible = 0;
			defaultConfigurationName = Release;
		};
		CCCDBF302155724F00BA21D0 /* Build configuration list for PBXNativeTarget "RootViewControllerSwapDemoTests" */ = {
			isa = XCConfigurationList;
			buildConfigurations = (
				CCCDBF312155724F00BA21D0 /* Debug */,
				CCCDBF322155724F00BA21D0 /* Release */,
			);
			defaultConfigurationIsVisible = 0;
			defaultConfigurationName = Release;
		};
/* End XCConfigurationList section */
	};
	rootObject = CCCDBF082155724E00BA21D0 /* Project object */;
}
